// !$*UTF8*$!
{
	archiveVersion = 1;
	classes = {
	};
	objectVersion = 46;
	objects = {

/* Begin PBXBuildFile section */
		273A49BBC6EE58651A6ECD96 /* libPods-Georeferenciacion.a in Frameworks */ = {isa = PBXBuildFile; fileRef = 33081F52ABA851B824F2C4AF /* libPods-Georeferenciacion.a */; };
		46A226AA1CC80DF600BCDEA8 /* MapViewController.m in Sources */ = {isa = PBXBuildFile; fileRef = 46A226A81CC80DF600BCDEA8 /* MapViewController.m */; };
		850153B81CD94211001AD8ED /* MyCustomCell.xib in Resources */ = {isa = PBXBuildFile; fileRef = 850153B51CD94211001AD8ED /* MyCustomCell.xib */; };
		850153B91CD94211001AD8ED /* MyCustomCell.m in Sources */ = {isa = PBXBuildFile; fileRef = 850153B71CD94211001AD8ED /* MyCustomCell.m */; };
		850154F61CF63838008C4F39 /* SelectServiceViewController.m in Sources */ = {isa = PBXBuildFile; fileRef = 850154F41CF63838008C4F39 /* SelectServiceViewController.m */; };
		850154F71CF63838008C4F39 /* SelectServiceViewController.xib in Resources */ = {isa = PBXBuildFile; fileRef = 850154F51CF63838008C4F39 /* SelectServiceViewController.xib */; };
		850154FE1CF63DF0008C4F39 /* QflowServicesCollectionViewCell.m in Sources */ = {isa = PBXBuildFile; fileRef = 850154FC1CF63DF0008C4F39 /* QflowServicesCollectionViewCell.m */; };
		850154FF1CF63DF0008C4F39 /* QflowServicesCollectionViewCell.xib in Resources */ = {isa = PBXBuildFile; fileRef = 850154FD1CF63DF0008C4F39 /* QflowServicesCollectionViewCell.xib */; };
		850155021CF649CC008C4F39 /* QflowServicesModel.m in Sources */ = {isa = PBXBuildFile; fileRef = 850155011CF649CC008C4F39 /* QflowServicesModel.m */; };
		8501FD1F1CF8838E001A4264 /* GetTurnViewController.m in Sources */ = {isa = PBXBuildFile; fileRef = 8501FD1D1CF8838E001A4264 /* GetTurnViewController.m */; };
		8501FD201CF8838E001A4264 /* GetTurnViewController.xib in Resources */ = {isa = PBXBuildFile; fileRef = 8501FD1E1CF8838E001A4264 /* GetTurnViewController.xib */; };
		8501FD271CF8E43F001A4264 /* QflowTurnViewController.m in Sources */ = {isa = PBXBuildFile; fileRef = 8501FD251CF8E43F001A4264 /* QflowTurnViewController.m */; };
		8501FD281CF8E43F001A4264 /* QflowTurnViewController.xib in Resources */ = {isa = PBXBuildFile; fileRef = 8501FD261CF8E43F001A4264 /* QflowTurnViewController.xib */; };
		850224D61D145210001B210A /* TurnViewController.m in Sources */ = {isa = PBXBuildFile; fileRef = 850224D41D145210001B210A /* TurnViewController.m */; };
		850224D71D145210001B210A /* TurnViewController.xib in Resources */ = {isa = PBXBuildFile; fileRef = 850224D51D145210001B210A /* TurnViewController.xib */; };
		8502FA2E1D09CB240046E9D9 /* BaseViewController.m in Sources */ = {isa = PBXBuildFile; fileRef = 8502FA2D1D09CB240046E9D9 /* BaseViewController.m */; };
		8505B7511CF33B0D001CEB18 /* GoogleApis.m in Sources */ = {isa = PBXBuildFile; fileRef = 8505B7501CF33B0D001CEB18 /* GoogleApis.m */; };
		851347171CEF778100F4B89B /* autoCompleteModel.m in Sources */ = {isa = PBXBuildFile; fileRef = 851347161CEF778100F4B89B /* autoCompleteModel.m */; };
		8520164C1CEE5F12004E8692 /* searchGoogleViewController.m in Sources */ = {isa = PBXBuildFile; fileRef = 8520164A1CEE5F12004E8692 /* searchGoogleViewController.m */; };
		8520164D1CEE5F12004E8692 /* searchGoogleViewController.xib in Resources */ = {isa = PBXBuildFile; fileRef = 8520164B1CEE5F12004E8692 /* searchGoogleViewController.xib */; };
		852016591CEE5F76004E8692 /* searchTableViewCell.m in Sources */ = {isa = PBXBuildFile; fileRef = 852016571CEE5F76004E8692 /* searchTableViewCell.m */; };
		8520165A1CEE5F76004E8692 /* searchTableViewCell.xib in Resources */ = {isa = PBXBuildFile; fileRef = 852016581CEE5F76004E8692 /* searchTableViewCell.xib */; };
		8523E8111CD7BBC200BD6237 /* Media.xcassets in Resources */ = {isa = PBXBuildFile; fileRef = 8523E8101CD7BBC200BD6237 /* Media.xcassets */; };
		852E75791CFE35C9005DDFC6 /* QflowRequest.m in Sources */ = {isa = PBXBuildFile; fileRef = 852E75781CFE35C9005DDFC6 /* QflowRequest.m */; };
		85457B7A1CC905C100DFB4F7 /* Repositorio.m in Sources */ = {isa = PBXBuildFile; fileRef = 85457B791CC905C100DFB4F7 /* Repositorio.m */; };
		85457B7D1CC91BE700DFB4F7 /* Modelo.m in Sources */ = {isa = PBXBuildFile; fileRef = 85457B7C1CC91BE700DFB4F7 /* Modelo.m */; };
		854F071E1CD39778006DAC05 /* ScheduleViewController.m in Sources */ = {isa = PBXBuildFile; fileRef = 854F071C1CD39778006DAC05 /* ScheduleViewController.m */; };
		855DAF5A1D2EBAA200EAECF0 /* AyudasViewController.m in Sources */ = {isa = PBXBuildFile; fileRef = 855DAF581D2EBAA200EAECF0 /* AyudasViewController.m */; };
		855DAF5B1D2EBAA200EAECF0 /* AyudasViewController.xib in Resources */ = {isa = PBXBuildFile; fileRef = 855DAF591D2EBAA200EAECF0 /* AyudasViewController.xib */; };
		855DAF671D2EFD6000EAECF0 /* Coachmark1.jpg in Resources */ = {isa = PBXBuildFile; fileRef = 855DAF5E1D2EFD6000EAECF0 /* Coachmark1.jpg */; };
		855DAF691D2EFD6000EAECF0 /* Coachmark3.jpg in Resources */ = {isa = PBXBuildFile; fileRef = 855DAF601D2EFD6000EAECF0 /* Coachmark3.jpg */; };
		855DAF6A1D2EFD6000EAECF0 /* Coachmark4.jpg in Resources */ = {isa = PBXBuildFile; fileRef = 855DAF611D2EFD6000EAECF0 /* Coachmark4.jpg */; };
		855DAF6B1D2EFD6000EAECF0 /* Coachmark5.jpg in Resources */ = {isa = PBXBuildFile; fileRef = 855DAF621D2EFD6000EAECF0 /* Coachmark5.jpg */; };
		855DAF6C1D2EFD6000EAECF0 /* Coachmark6.jpg in Resources */ = {isa = PBXBuildFile; fileRef = 855DAF631D2EFD6000EAECF0 /* Coachmark6.jpg */; };
		855DAF6D1D2EFD6000EAECF0 /* Coachmark7.jpg in Resources */ = {isa = PBXBuildFile; fileRef = 855DAF641D2EFD6000EAECF0 /* Coachmark7.jpg */; };
		855DAF6E1D2EFD6000EAECF0 /* Coachmark8.jpg in Resources */ = {isa = PBXBuildFile; fileRef = 855DAF651D2EFD6000EAECF0 /* Coachmark8.jpg */; };
		855DAF6F1D2EFD6000EAECF0 /* Coachmark9.jpg in Resources */ = {isa = PBXBuildFile; fileRef = 855DAF661D2EFD6000EAECF0 /* Coachmark9.jpg */; };
		856B0DE01D19C4B900DA362E /* alertaView.m in Sources */ = {isa = PBXBuildFile; fileRef = 856B0DDF1D19C4B900DA362E /* alertaView.m */; };
		856B0DE21D19C4D000DA362E /* alertaView.xib in Resources */ = {isa = PBXBuildFile; fileRef = 856B0DE11D19C4D000DA362E /* alertaView.xib */; };
		858072DE1CD013CD0024A663 /* ListViewController.m in Sources */ = {isa = PBXBuildFile; fileRef = 858072DC1CD013CD0024A663 /* ListViewController.m */; };
		858E31CF1CDA983500727809 /* Constantes.m in Sources */ = {isa = PBXBuildFile; fileRef = 858E31CE1CDA983500727809 /* Constantes.m */; };
		8599EC7A1CF4AF19002C4524 /* ListTableViewCell.m in Sources */ = {isa = PBXBuildFile; fileRef = 8599EC781CF4AF19002C4524 /* ListTableViewCell.m */; };
		8599EC7B1CF4AF19002C4524 /* ListTableViewCell.xib in Resources */ = {isa = PBXBuildFile; fileRef = 8599EC791CF4AF19002C4524 /* ListTableViewCell.xib */; };
		85A58ED51D305000004532E3 /* Coachmark2.jpg in Resources */ = {isa = PBXBuildFile; fileRef = 85A58ED41D305000004532E3 /* Coachmark2.jpg */; };
		85BF2A821D1AD4510026C0C7 /* messagesAndParameters.m in Sources */ = {isa = PBXBuildFile; fileRef = 85BF2A811D1AD4510026C0C7 /* messagesAndParameters.m */; };
		85C5261A1D134AD400AE8529 /* Info.plist in Resources */ = {isa = PBXBuildFile; fileRef = 85C526191D134AD400AE8529 /* Info.plist */; };
		85C5261F1D134C2900AE8529 /* QRViewController.m in Sources */ = {isa = PBXBuildFile; fileRef = 85C5261D1D134C2900AE8529 /* QRViewController.m */; };
		85C526201D134C2900AE8529 /* QRViewController.xib in Resources */ = {isa = PBXBuildFile; fileRef = 85C5261E1D134C2900AE8529 /* QRViewController.xib */; };
		85C526221D134FFE00AE8529 /* AVFoundation.framework in Frameworks */ = {isa = PBXBuildFile; fileRef = 85C526211D134FFE00AE8529 /* AVFoundation.framework */; };
		85DD62D51D1DDACD00927721 /* GoogleService-Info.plist in Resources */ = {isa = PBXBuildFile; fileRef = 85DD62D41D1DDACD00927721 /* GoogleService-Info.plist */; };
		85DEDE6C1CE26FD700D5E717 /* Arimo-Bold.ttf in Resources */ = {isa = PBXBuildFile; fileRef = 85DEDE681CE26FD700D5E717 /* Arimo-Bold.ttf */; };
		85DEDE6D1CE26FD700D5E717 /* Arimo-BoldItalic.ttf in Resources */ = {isa = PBXBuildFile; fileRef = 85DEDE691CE26FD700D5E717 /* Arimo-BoldItalic.ttf */; };
		85DEDE6E1CE26FD700D5E717 /* Arimo-Italic.ttf in Resources */ = {isa = PBXBuildFile; fileRef = 85DEDE6A1CE26FD700D5E717 /* Arimo-Italic.ttf */; };
		85DEDE6F1CE26FD700D5E717 /* Arimo-Regular.ttf in Resources */ = {isa = PBXBuildFile; fileRef = 85DEDE6B1CE26FD700D5E717 /* Arimo-Regular.ttf */; };
		85ED13781D0B1AE8006B09AF /* NavigationViewController.m in Sources */ = {isa = PBXBuildFile; fileRef = 85ED13761D0B1AE8006B09AF /* NavigationViewController.m */; };
		85ED13791D0B1AE8006B09AF /* NavigationViewController.xib in Resources */ = {isa = PBXBuildFile; fileRef = 85ED13771D0B1AE8006B09AF /* NavigationViewController.xib */; };
		85ED58BD1CCEBD9A0088C4B7 /* FiltroView.m in Sources */ = {isa = PBXBuildFile; fileRef = 85ED58BC1CCEBD9A0088C4B7 /* FiltroView.m */; };
		85F354AE1CE4BE2D00A44064 /* FilterViewController.m in Sources */ = {isa = PBXBuildFile; fileRef = 85F354AC1CE4BE2D00A44064 /* FilterViewController.m */; };
		85F354AF1CE4BE2D00A44064 /* FilterViewController.xib in Resources */ = {isa = PBXBuildFile; fileRef = 85F354AD1CE4BE2D00A44064 /* FilterViewController.xib */; };
		85F354B51CE4C56300A44064 /* filterTableViewCell.m in Sources */ = {isa = PBXBuildFile; fileRef = 85F354B31CE4C56300A44064 /* filterTableViewCell.m */; };
		85F354B61CE4C56300A44064 /* filterTableViewCell.xib in Resources */ = {isa = PBXBuildFile; fileRef = 85F354B41CE4C56300A44064 /* filterTableViewCell.xib */; };
		85F4399F1CCA550600DE808B /* CoreLocation.framework in Frameworks */ = {isa = PBXBuildFile; fileRef = 85F4399E1CCA550600DE808B /* CoreLocation.framework */; };
		91F2D3271E4E17D200733A2C /* ConstantesMonitoreo.m in Sources */ = {isa = PBXBuildFile; fileRef = 91F2D31E1E4E17D200733A2C /* ConstantesMonitoreo.m */; };
		91F2D3281E4E17D200733A2C /* LogicaDeNegocio.m in Sources */ = {isa = PBXBuildFile; fileRef = 91F2D3201E4E17D200733A2C /* LogicaDeNegocio.m */; };
		91F2D3291E4E17D200733A2C /* Mensaje.m in Sources */ = {isa = PBXBuildFile; fileRef = 91F2D3221E4E17D200733A2C /* Mensaje.m */; };
		91F2D32A1E4E17D200733A2C /* Monitoreo.m in Sources */ = {isa = PBXBuildFile; fileRef = 91F2D3241E4E17D200733A2C /* Monitoreo.m */; };
		91F2D32B1E4E17D200733A2C /* MonitoreoRepositorio.m in Sources */ = {isa = PBXBuildFile; fileRef = 91F2D3261E4E17D200733A2C /* MonitoreoRepositorio.m */; };
		91F2D32E1E4E17DF00733A2C /* MonitoreoControl.m in Sources */ = {isa = PBXBuildFile; fileRef = 91F2D32D1E4E17DF00733A2C /* MonitoreoControl.m */; };
/* End PBXBuildFile section */

/* Begin PBXCopyFilesBuildPhase section */
		46A226991CC8080700BCDEA8 /* CopyFiles */ = {
			isa = PBXCopyFilesBuildPhase;
			buildActionMask = 2147483647;
			dstPath = "include/$(PRODUCT_NAME)";
			dstSubfolderSpec = 16;
			files = (
			);
			runOnlyForDeploymentPostprocessing = 0;
		};
/* End PBXCopyFilesBuildPhase section */

/* Begin PBXFileReference section */
		0A74C2236C8570266E24C5D6 /* Pods-GeoreferenciacionSmartWatch.release.xcconfig */ = {isa = PBXFileReference; includeInIndex = 1; lastKnownFileType = text.xcconfig; name = "Pods-GeoreferenciacionSmartWatch.release.xcconfig"; path = "Pods/Target Support Files/Pods-GeoreferenciacionSmartWatch/Pods-GeoreferenciacionSmartWatch.release.xcconfig"; sourceTree = "<group>"; };
		33081F52ABA851B824F2C4AF /* libPods-Georeferenciacion.a */ = {isa = PBXFileReference; explicitFileType = archive.ar; includeInIndex = 0; path = "libPods-Georeferenciacion.a"; sourceTree = BUILT_PRODUCTS_DIR; };
		46A2269B1CC8080700BCDEA8 /* libGeoreferenciacion.a */ = {isa = PBXFileReference; explicitFileType = archive.ar; includeInIndex = 0; path = libGeoreferenciacion.a; sourceTree = BUILT_PRODUCTS_DIR; };
		46A226A71CC80DF600BCDEA8 /* MapViewController.h */ = {isa = PBXFileReference; fileEncoding = 4; lastKnownFileType = sourcecode.c.h; path = MapViewController.h; sourceTree = "<group>"; };
		46A226A81CC80DF600BCDEA8 /* MapViewController.m */ = {isa = PBXFileReference; fileEncoding = 4; lastKnownFileType = sourcecode.c.objc; path = MapViewController.m; sourceTree = "<group>"; };
		46A226A91CC80DF600BCDEA8 /* MapViewController.xib */ = {isa = PBXFileReference; fileEncoding = 4; lastKnownFileType = file.xib; path = MapViewController.xib; sourceTree = "<group>"; };
		598550C208912E5A9F8499B2 /* Pods-GeoreferenciacionSmartWatch.debug.xcconfig */ = {isa = PBXFileReference; includeInIndex = 1; lastKnownFileType = text.xcconfig; name = "Pods-GeoreferenciacionSmartWatch.debug.xcconfig"; path = "Pods/Target Support Files/Pods-GeoreferenciacionSmartWatch/Pods-GeoreferenciacionSmartWatch.debug.xcconfig"; sourceTree = "<group>"; };
		850153B51CD94211001AD8ED /* MyCustomCell.xib */ = {isa = PBXFileReference; fileEncoding = 4; lastKnownFileType = file.xib; path = MyCustomCell.xib; sourceTree = "<group>"; };
		850153B61CD94211001AD8ED /* MyCustomCell.h */ = {isa = PBXFileReference; fileEncoding = 4; lastKnownFileType = sourcecode.c.h; path = MyCustomCell.h; sourceTree = "<group>"; };
		850153B71CD94211001AD8ED /* MyCustomCell.m */ = {isa = PBXFileReference; fileEncoding = 4; lastKnownFileType = sourcecode.c.objc; path = MyCustomCell.m; sourceTree = "<group>"; };
		850154F31CF63838008C4F39 /* SelectServiceViewController.h */ = {isa = PBXFileReference; fileEncoding = 4; lastKnownFileType = sourcecode.c.h; path = SelectServiceViewController.h; sourceTree = "<group>"; };
		850154F41CF63838008C4F39 /* SelectServiceViewController.m */ = {isa = PBXFileReference; fileEncoding = 4; lastKnownFileType = sourcecode.c.objc; path = SelectServiceViewController.m; sourceTree = "<group>"; };
		850154F51CF63838008C4F39 /* SelectServiceViewController.xib */ = {isa = PBXFileReference; fileEncoding = 4; lastKnownFileType = file.xib; path = SelectServiceViewController.xib; sourceTree = "<group>"; };
		850154FB1CF63DF0008C4F39 /* QflowServicesCollectionViewCell.h */ = {isa = PBXFileReference; fileEncoding = 4; lastKnownFileType = sourcecode.c.h; path = QflowServicesCollectionViewCell.h; sourceTree = "<group>"; };
		850154FC1CF63DF0008C4F39 /* QflowServicesCollectionViewCell.m */ = {isa = PBXFileReference; fileEncoding = 4; lastKnownFileType = sourcecode.c.objc; path = QflowServicesCollectionViewCell.m; sourceTree = "<group>"; };
		850154FD1CF63DF0008C4F39 /* QflowServicesCollectionViewCell.xib */ = {isa = PBXFileReference; fileEncoding = 4; lastKnownFileType = file.xib; path = QflowServicesCollectionViewCell.xib; sourceTree = "<group>"; };
		850155001CF649CC008C4F39 /* QflowServicesModel.h */ = {isa = PBXFileReference; fileEncoding = 4; lastKnownFileType = sourcecode.c.h; path = QflowServicesModel.h; sourceTree = "<group>"; };
		850155011CF649CC008C4F39 /* QflowServicesModel.m */ = {isa = PBXFileReference; fileEncoding = 4; lastKnownFileType = sourcecode.c.objc; path = QflowServicesModel.m; sourceTree = "<group>"; };
		8501FD1C1CF8838E001A4264 /* GetTurnViewController.h */ = {isa = PBXFileReference; fileEncoding = 4; lastKnownFileType = sourcecode.c.h; path = GetTurnViewController.h; sourceTree = "<group>"; };
		8501FD1D1CF8838E001A4264 /* GetTurnViewController.m */ = {isa = PBXFileReference; fileEncoding = 4; lastKnownFileType = sourcecode.c.objc; path = GetTurnViewController.m; sourceTree = "<group>"; };
		8501FD1E1CF8838E001A4264 /* GetTurnViewController.xib */ = {isa = PBXFileReference; fileEncoding = 4; lastKnownFileType = file.xib; path = GetTurnViewController.xib; sourceTree = "<group>"; };
		8501FD241CF8E43E001A4264 /* QflowTurnViewController.h */ = {isa = PBXFileReference; fileEncoding = 4; lastKnownFileType = sourcecode.c.h; path = QflowTurnViewController.h; sourceTree = "<group>"; };
		8501FD251CF8E43F001A4264 /* QflowTurnViewController.m */ = {isa = PBXFileReference; fileEncoding = 4; lastKnownFileType = sourcecode.c.objc; path = QflowTurnViewController.m; sourceTree = "<group>"; };
		8501FD261CF8E43F001A4264 /* QflowTurnViewController.xib */ = {isa = PBXFileReference; fileEncoding = 4; lastKnownFileType = file.xib; path = QflowTurnViewController.xib; sourceTree = "<group>"; };
		850224D31D145210001B210A /* TurnViewController.h */ = {isa = PBXFileReference; fileEncoding = 4; lastKnownFileType = sourcecode.c.h; path = TurnViewController.h; sourceTree = "<group>"; };
		850224D41D145210001B210A /* TurnViewController.m */ = {isa = PBXFileReference; fileEncoding = 4; lastKnownFileType = sourcecode.c.objc; path = TurnViewController.m; sourceTree = "<group>"; };
		850224D51D145210001B210A /* TurnViewController.xib */ = {isa = PBXFileReference; fileEncoding = 4; lastKnownFileType = file.xib; path = TurnViewController.xib; sourceTree = "<group>"; };
		8502FA2C1D09CB240046E9D9 /* BaseViewController.h */ = {isa = PBXFileReference; fileEncoding = 4; lastKnownFileType = sourcecode.c.h; path = BaseViewController.h; sourceTree = "<group>"; };
		8502FA2D1D09CB240046E9D9 /* BaseViewController.m */ = {isa = PBXFileReference; fileEncoding = 4; lastKnownFileType = sourcecode.c.objc; path = BaseViewController.m; sourceTree = "<group>"; };
		8505B74F1CF33B0D001CEB18 /* GoogleApis.h */ = {isa = PBXFileReference; fileEncoding = 4; lastKnownFileType = sourcecode.c.h; path = GoogleApis.h; sourceTree = "<group>"; };
		8505B7501CF33B0D001CEB18 /* GoogleApis.m */ = {isa = PBXFileReference; fileEncoding = 4; lastKnownFileType = sourcecode.c.objc; path = GoogleApis.m; sourceTree = "<group>"; };
		851347151CEF778100F4B89B /* autoCompleteModel.h */ = {isa = PBXFileReference; fileEncoding = 4; lastKnownFileType = sourcecode.c.h; path = autoCompleteModel.h; sourceTree = "<group>"; };
		851347161CEF778100F4B89B /* autoCompleteModel.m */ = {isa = PBXFileReference; fileEncoding = 4; lastKnownFileType = sourcecode.c.objc; path = autoCompleteModel.m; sourceTree = "<group>"; };
		852016491CEE5F12004E8692 /* searchGoogleViewController.h */ = {isa = PBXFileReference; fileEncoding = 4; lastKnownFileType = sourcecode.c.h; path = searchGoogleViewController.h; sourceTree = "<group>"; };
		8520164A1CEE5F12004E8692 /* searchGoogleViewController.m */ = {isa = PBXFileReference; fileEncoding = 4; lastKnownFileType = sourcecode.c.objc; path = searchGoogleViewController.m; sourceTree = "<group>"; };
		8520164B1CEE5F12004E8692 /* searchGoogleViewController.xib */ = {isa = PBXFileReference; fileEncoding = 4; lastKnownFileType = file.xib; path = searchGoogleViewController.xib; sourceTree = "<group>"; };
		852016561CEE5F76004E8692 /* searchTableViewCell.h */ = {isa = PBXFileReference; fileEncoding = 4; lastKnownFileType = sourcecode.c.h; path = searchTableViewCell.h; sourceTree = "<group>"; };
		852016571CEE5F76004E8692 /* searchTableViewCell.m */ = {isa = PBXFileReference; fileEncoding = 4; lastKnownFileType = sourcecode.c.objc; path = searchTableViewCell.m; sourceTree = "<group>"; };
		852016581CEE5F76004E8692 /* searchTableViewCell.xib */ = {isa = PBXFileReference; fileEncoding = 4; lastKnownFileType = file.xib; path = searchTableViewCell.xib; sourceTree = "<group>"; };
		8523E8101CD7BBC200BD6237 /* Media.xcassets */ = {isa = PBXFileReference; lastKnownFileType = folder.assetcatalog; path = Media.xcassets; sourceTree = "<group>"; };
		852E75771CFE35C9005DDFC6 /* QflowRequest.h */ = {isa = PBXFileReference; fileEncoding = 4; lastKnownFileType = sourcecode.c.h; path = QflowRequest.h; sourceTree = "<group>"; };
		852E75781CFE35C9005DDFC6 /* QflowRequest.m */ = {isa = PBXFileReference; fileEncoding = 4; lastKnownFileType = sourcecode.c.objc; path = QflowRequest.m; sourceTree = "<group>"; };
		85457B781CC905C100DFB4F7 /* Repositorio.h */ = {isa = PBXFileReference; fileEncoding = 4; lastKnownFileType = sourcecode.c.h; path = Repositorio.h; sourceTree = "<group>"; };
		85457B791CC905C100DFB4F7 /* Repositorio.m */ = {isa = PBXFileReference; fileEncoding = 4; lastKnownFileType = sourcecode.c.objc; path = Repositorio.m; sourceTree = "<group>"; };
		85457B7B1CC91BE700DFB4F7 /* Modelo.h */ = {isa = PBXFileReference; fileEncoding = 4; lastKnownFileType = sourcecode.c.h; path = Modelo.h; sourceTree = "<group>"; };
		85457B7C1CC91BE700DFB4F7 /* Modelo.m */ = {isa = PBXFileReference; fileEncoding = 4; lastKnownFileType = sourcecode.c.objc; path = Modelo.m; sourceTree = "<group>"; };
		854F071B1CD39778006DAC05 /* ScheduleViewController.h */ = {isa = PBXFileReference; fileEncoding = 4; lastKnownFileType = sourcecode.c.h; path = ScheduleViewController.h; sourceTree = "<group>"; };
		854F071C1CD39778006DAC05 /* ScheduleViewController.m */ = {isa = PBXFileReference; fileEncoding = 4; lastKnownFileType = sourcecode.c.objc; path = ScheduleViewController.m; sourceTree = "<group>"; };
		854F071D1CD39778006DAC05 /* ScheduleViewController.xib */ = {isa = PBXFileReference; fileEncoding = 4; lastKnownFileType = file.xib; path = ScheduleViewController.xib; sourceTree = "<group>"; };
		855DAF571D2EBAA200EAECF0 /* AyudasViewController.h */ = {isa = PBXFileReference; fileEncoding = 4; lastKnownFileType = sourcecode.c.h; path = AyudasViewController.h; sourceTree = "<group>"; };
		855DAF581D2EBAA200EAECF0 /* AyudasViewController.m */ = {isa = PBXFileReference; fileEncoding = 4; lastKnownFileType = sourcecode.c.objc; path = AyudasViewController.m; sourceTree = "<group>"; };
		855DAF591D2EBAA200EAECF0 /* AyudasViewController.xib */ = {isa = PBXFileReference; fileEncoding = 4; lastKnownFileType = file.xib; path = AyudasViewController.xib; sourceTree = "<group>"; };
		855DAF5E1D2EFD6000EAECF0 /* Coachmark1.jpg */ = {isa = PBXFileReference; lastKnownFileType = image.jpeg; path = Coachmark1.jpg; sourceTree = "<group>"; };
		855DAF601D2EFD6000EAECF0 /* Coachmark3.jpg */ = {isa = PBXFileReference; lastKnownFileType = image.jpeg; path = Coachmark3.jpg; sourceTree = "<group>"; };
		855DAF611D2EFD6000EAECF0 /* Coachmark4.jpg */ = {isa = PBXFileReference; lastKnownFileType = image.jpeg; path = Coachmark4.jpg; sourceTree = "<group>"; };
		855DAF621D2EFD6000EAECF0 /* Coachmark5.jpg */ = {isa = PBXFileReference; lastKnownFileType = image.jpeg; path = Coachmark5.jpg; sourceTree = "<group>"; };
		855DAF631D2EFD6000EAECF0 /* Coachmark6.jpg */ = {isa = PBXFileReference; lastKnownFileType = image.jpeg; path = Coachmark6.jpg; sourceTree = "<group>"; };
		855DAF641D2EFD6000EAECF0 /* Coachmark7.jpg */ = {isa = PBXFileReference; lastKnownFileType = image.jpeg; path = Coachmark7.jpg; sourceTree = "<group>"; };
		855DAF651D2EFD6000EAECF0 /* Coachmark8.jpg */ = {isa = PBXFileReference; lastKnownFileType = image.jpeg; path = Coachmark8.jpg; sourceTree = "<group>"; };
		855DAF661D2EFD6000EAECF0 /* Coachmark9.jpg */ = {isa = PBXFileReference; lastKnownFileType = image.jpeg; path = Coachmark9.jpg; sourceTree = "<group>"; };
		856B0DDE1D19C4B900DA362E /* alertaView.h */ = {isa = PBXFileReference; fileEncoding = 4; lastKnownFileType = sourcecode.c.h; path = alertaView.h; sourceTree = "<group>"; };
		856B0DDF1D19C4B900DA362E /* alertaView.m */ = {isa = PBXFileReference; fileEncoding = 4; lastKnownFileType = sourcecode.c.objc; path = alertaView.m; sourceTree = "<group>"; };
		856B0DE11D19C4D000DA362E /* alertaView.xib */ = {isa = PBXFileReference; fileEncoding = 4; lastKnownFileType = file.xib; path = alertaView.xib; sourceTree = "<group>"; };
		857587D51CD79F5200B7219C /* Info.plist */ = {isa = PBXFileReference; lastKnownFileType = text.plist.xml; path = Info.plist; sourceTree = "<group>"; };
		858072DB1CD013CD0024A663 /* ListViewController.h */ = {isa = PBXFileReference; fileEncoding = 4; lastKnownFileType = sourcecode.c.h; path = ListViewController.h; sourceTree = "<group>"; };
		858072DC1CD013CD0024A663 /* ListViewController.m */ = {isa = PBXFileReference; fileEncoding = 4; lastKnownFileType = sourcecode.c.objc; path = ListViewController.m; sourceTree = "<group>"; };
		858072DD1CD013CD0024A663 /* ListViewController.xib */ = {isa = PBXFileReference; fileEncoding = 4; lastKnownFileType = file.xib; path = ListViewController.xib; sourceTree = "<group>"; };
		858E31CD1CDA983500727809 /* Constantes.h */ = {isa = PBXFileReference; fileEncoding = 4; lastKnownFileType = sourcecode.c.h; path = Constantes.h; sourceTree = "<group>"; };
		858E31CE1CDA983500727809 /* Constantes.m */ = {isa = PBXFileReference; fileEncoding = 4; lastKnownFileType = sourcecode.c.objc; path = Constantes.m; sourceTree = "<group>"; };
		8599EC771CF4AF19002C4524 /* ListTableViewCell.h */ = {isa = PBXFileReference; fileEncoding = 4; lastKnownFileType = sourcecode.c.h; path = ListTableViewCell.h; sourceTree = "<group>"; };
		8599EC781CF4AF19002C4524 /* ListTableViewCell.m */ = {isa = PBXFileReference; fileEncoding = 4; lastKnownFileType = sourcecode.c.objc; path = ListTableViewCell.m; sourceTree = "<group>"; };
		8599EC791CF4AF19002C4524 /* ListTableViewCell.xib */ = {isa = PBXFileReference; fileEncoding = 4; lastKnownFileType = file.xib; path = ListTableViewCell.xib; sourceTree = "<group>"; };
		85A58ED41D305000004532E3 /* Coachmark2.jpg */ = {isa = PBXFileReference; lastKnownFileType = image.jpeg; path = Coachmark2.jpg; sourceTree = "<group>"; };
		85BF2A801D1AD4510026C0C7 /* messagesAndParameters.h */ = {isa = PBXFileReference; fileEncoding = 4; lastKnownFileType = sourcecode.c.h; path = messagesAndParameters.h; sourceTree = "<group>"; };
		85BF2A811D1AD4510026C0C7 /* messagesAndParameters.m */ = {isa = PBXFileReference; fileEncoding = 4; lastKnownFileType = sourcecode.c.objc; path = messagesAndParameters.m; sourceTree = "<group>"; };
		85C526191D134AD400AE8529 /* Info.plist */ = {isa = PBXFileReference; fileEncoding = 4; lastKnownFileType = text.plist.xml; path = Info.plist; sourceTree = "<group>"; };
		85C5261C1D134C2900AE8529 /* QRViewController.h */ = {isa = PBXFileReference; fileEncoding = 4; lastKnownFileType = sourcecode.c.h; path = QRViewController.h; sourceTree = "<group>"; };
		85C5261D1D134C2900AE8529 /* QRViewController.m */ = {isa = PBXFileReference; fileEncoding = 4; lastKnownFileType = sourcecode.c.objc; path = QRViewController.m; sourceTree = "<group>"; };
		85C5261E1D134C2900AE8529 /* QRViewController.xib */ = {isa = PBXFileReference; fileEncoding = 4; lastKnownFileType = file.xib; path = QRViewController.xib; sourceTree = "<group>"; };
		85C526211D134FFE00AE8529 /* AVFoundation.framework */ = {isa = PBXFileReference; lastKnownFileType = wrapper.framework; name = AVFoundation.framework; path = System/Library/Frameworks/AVFoundation.framework; sourceTree = SDKROOT; };
		85DD62D41D1DDACD00927721 /* GoogleService-Info.plist */ = {isa = PBXFileReference; fileEncoding = 4; lastKnownFileType = text.plist.xml; path = "GoogleService-Info.plist"; sourceTree = "<group>"; };
		85DEDE681CE26FD700D5E717 /* Arimo-Bold.ttf */ = {isa = PBXFileReference; lastKnownFileType = file; path = "Arimo-Bold.ttf"; sourceTree = "<group>"; };
		85DEDE691CE26FD700D5E717 /* Arimo-BoldItalic.ttf */ = {isa = PBXFileReference; lastKnownFileType = file; path = "Arimo-BoldItalic.ttf"; sourceTree = "<group>"; };
		85DEDE6A1CE26FD700D5E717 /* Arimo-Italic.ttf */ = {isa = PBXFileReference; lastKnownFileType = file; path = "Arimo-Italic.ttf"; sourceTree = "<group>"; };
		85DEDE6B1CE26FD700D5E717 /* Arimo-Regular.ttf */ = {isa = PBXFileReference; lastKnownFileType = file; path = "Arimo-Regular.ttf"; sourceTree = "<group>"; };
		85ED13751D0B1AE8006B09AF /* NavigationViewController.h */ = {isa = PBXFileReference; fileEncoding = 4; lastKnownFileType = sourcecode.c.h; path = NavigationViewController.h; sourceTree = "<group>"; };
		85ED13761D0B1AE8006B09AF /* NavigationViewController.m */ = {isa = PBXFileReference; fileEncoding = 4; lastKnownFileType = sourcecode.c.objc; path = NavigationViewController.m; sourceTree = "<group>"; };
		85ED13771D0B1AE8006B09AF /* NavigationViewController.xib */ = {isa = PBXFileReference; fileEncoding = 4; lastKnownFileType = file.xib; path = NavigationViewController.xib; sourceTree = "<group>"; };
		85ED58BA1CCEBD6C0088C4B7 /* FiltroView.xib */ = {isa = PBXFileReference; fileEncoding = 4; lastKnownFileType = file.xib; path = FiltroView.xib; sourceTree = "<group>"; };
		85ED58BB1CCEBD9A0088C4B7 /* FiltroView.h */ = {isa = PBXFileReference; fileEncoding = 4; lastKnownFileType = sourcecode.c.h; path = FiltroView.h; sourceTree = "<group>"; };
		85ED58BC1CCEBD9A0088C4B7 /* FiltroView.m */ = {isa = PBXFileReference; fileEncoding = 4; lastKnownFileType = sourcecode.c.objc; path = FiltroView.m; sourceTree = "<group>"; };
		85F354AB1CE4BE2D00A44064 /* FilterViewController.h */ = {isa = PBXFileReference; fileEncoding = 4; lastKnownFileType = sourcecode.c.h; path = FilterViewController.h; sourceTree = "<group>"; };
		85F354AC1CE4BE2D00A44064 /* FilterViewController.m */ = {isa = PBXFileReference; fileEncoding = 4; lastKnownFileType = sourcecode.c.objc; path = FilterViewController.m; sourceTree = "<group>"; };
		85F354AD1CE4BE2D00A44064 /* FilterViewController.xib */ = {isa = PBXFileReference; fileEncoding = 4; lastKnownFileType = file.xib; path = FilterViewController.xib; sourceTree = "<group>"; };
		85F354B21CE4C56300A44064 /* filterTableViewCell.h */ = {isa = PBXFileReference; fileEncoding = 4; lastKnownFileType = sourcecode.c.h; path = filterTableViewCell.h; sourceTree = "<group>"; };
		85F354B31CE4C56300A44064 /* filterTableViewCell.m */ = {isa = PBXFileReference; fileEncoding = 4; lastKnownFileType = sourcecode.c.objc; path = filterTableViewCell.m; sourceTree = "<group>"; };
		85F354B41CE4C56300A44064 /* filterTableViewCell.xib */ = {isa = PBXFileReference; fileEncoding = 4; lastKnownFileType = file.xib; path = filterTableViewCell.xib; sourceTree = "<group>"; };
		85F4399E1CCA550600DE808B /* CoreLocation.framework */ = {isa = PBXFileReference; lastKnownFileType = wrapper.framework; name = CoreLocation.framework; path = System/Library/Frameworks/CoreLocation.framework; sourceTree = SDKROOT; };
		8DBF844BC313077D41F8AAD6 /* libPods-GeoreferenciacionSmartWatch.a */ = {isa = PBXFileReference; explicitFileType = archive.ar; includeInIndex = 0; path = "libPods-GeoreferenciacionSmartWatch.a"; sourceTree = BUILT_PRODUCTS_DIR; };
		91F2D31D1E4E17D200733A2C /* ConstantesMonitoreo.h */ = {isa = PBXFileReference; fileEncoding = 4; lastKnownFileType = sourcecode.c.h; path = ConstantesMonitoreo.h; sourceTree = "<group>"; };
		91F2D31E1E4E17D200733A2C /* ConstantesMonitoreo.m */ = {isa = PBXFileReference; fileEncoding = 4; lastKnownFileType = sourcecode.c.objc; path = ConstantesMonitoreo.m; sourceTree = "<group>"; };
		91F2D31F1E4E17D200733A2C /* LogicaDeNegocio.h */ = {isa = PBXFileReference; fileEncoding = 4; lastKnownFileType = sourcecode.c.h; path = LogicaDeNegocio.h; sourceTree = "<group>"; };
		91F2D3201E4E17D200733A2C /* LogicaDeNegocio.m */ = {isa = PBXFileReference; fileEncoding = 4; lastKnownFileType = sourcecode.c.objc; path = LogicaDeNegocio.m; sourceTree = "<group>"; };
		91F2D3211E4E17D200733A2C /* Mensaje.h */ = {isa = PBXFileReference; fileEncoding = 4; lastKnownFileType = sourcecode.c.h; path = Mensaje.h; sourceTree = "<group>"; };
		91F2D3221E4E17D200733A2C /* Mensaje.m */ = {isa = PBXFileReference; fileEncoding = 4; lastKnownFileType = sourcecode.c.objc; path = Mensaje.m; sourceTree = "<group>"; };
		91F2D3231E4E17D200733A2C /* Monitoreo.h */ = {isa = PBXFileReference; fileEncoding = 4; lastKnownFileType = sourcecode.c.h; path = Monitoreo.h; sourceTree = "<group>"; };
		91F2D3241E4E17D200733A2C /* Monitoreo.m */ = {isa = PBXFileReference; fileEncoding = 4; lastKnownFileType = sourcecode.c.objc; path = Monitoreo.m; sourceTree = "<group>"; };
		91F2D3251E4E17D200733A2C /* MonitoreoRepositorio.h */ = {isa = PBXFileReference; fileEncoding = 4; lastKnownFileType = sourcecode.c.h; path = MonitoreoRepositorio.h; sourceTree = "<group>"; };
		91F2D3261E4E17D200733A2C /* MonitoreoRepositorio.m */ = {isa = PBXFileReference; fileEncoding = 4; lastKnownFileType = sourcecode.c.objc; path = MonitoreoRepositorio.m; sourceTree = "<group>"; };
		91F2D32C1E4E17DF00733A2C /* MonitoreoControl.h */ = {isa = PBXFileReference; fileEncoding = 4; lastKnownFileType = sourcecode.c.h; path = MonitoreoControl.h; sourceTree = "<group>"; };
		91F2D32D1E4E17DF00733A2C /* MonitoreoControl.m */ = {isa = PBXFileReference; fileEncoding = 4; lastKnownFileType = sourcecode.c.objc; path = MonitoreoControl.m; sourceTree = "<group>"; };
		D07CB6E5079DB362A6BE9390 /* Pods-Georeferenciacion.release.xcconfig */ = {isa = PBXFileReference; includeInIndex = 1; lastKnownFileType = text.xcconfig; name = "Pods-Georeferenciacion.release.xcconfig"; path = "Pods/Target Support Files/Pods-Georeferenciacion/Pods-Georeferenciacion.release.xcconfig"; sourceTree = "<group>"; };
		F296D7452E6AA3B31C94B8F1 /* Pods-Georeferenciacion.debug.xcconfig */ = {isa = PBXFileReference; includeInIndex = 1; lastKnownFileType = text.xcconfig; name = "Pods-Georeferenciacion.debug.xcconfig"; path = "Pods/Target Support Files/Pods-Georeferenciacion/Pods-Georeferenciacion.debug.xcconfig"; sourceTree = "<group>"; };
/* End PBXFileReference section */

/* Begin PBXFrameworksBuildPhase section */
		46A226981CC8080700BCDEA8 /* Frameworks */ = {
			isa = PBXFrameworksBuildPhase;
			buildActionMask = 2147483647;
			files = (
				85C526221D134FFE00AE8529 /* AVFoundation.framework in Frameworks */,
				85F4399F1CCA550600DE808B /* CoreLocation.framework in Frameworks */,
				273A49BBC6EE58651A6ECD96 /* libPods-Georeferenciacion.a in Frameworks */,
			);
			runOnlyForDeploymentPostprocessing = 0;
		};
/* End PBXFrameworksBuildPhase section */

/* Begin PBXGroup section */
		46A226921CC8080700BCDEA8 = {
			isa = PBXGroup;
			children = (
				46A2269D1CC8080700BCDEA8 /* Georeferenciacion */,
				857587C81CD7987000B7219C /* recursos */,
				857587D41CD79F5200B7219C /* resources */,
				46A2269C1CC8080700BCDEA8 /* Products */,
				62DDC9804465FDCBAACF206A /* Frameworks */,
				98848368F32D4B8048AA810C /* Pods */,
			);
			sourceTree = "<group>";
		};
		46A2269C1CC8080700BCDEA8 /* Products */ = {
			isa = PBXGroup;
			children = (
				46A2269B1CC8080700BCDEA8 /* libGeoreferenciacion.a */,
			);
			name = Products;
			sourceTree = "<group>";
		};
		46A2269D1CC8080700BCDEA8 /* Georeferenciacion */ = {
			isa = PBXGroup;
			children = (
				8502FA2C1D09CB240046E9D9 /* BaseViewController.h */,
				8502FA2D1D09CB240046E9D9 /* BaseViewController.m */,
				8523E7C61CD7B80700BD6237 /* Resources */,
				85F354B81CE5248500A44064 /* Constants */,
				85BF2A7F1D1AD3750026C0C7 /* Mensajes y Parametros */,
				858072D81CD012FB0024A663 /* ListaView */,
				85F439A01CCA82A700DE808B /* MapView */,
				854F07181CD396CB006DAC05 /* scheduleDetail */,
				85F354AA1CE4BD8D00A44064 /* FilterView */,
				852016481CEE5E7E004E8692 /* Busqueda Google */,
				851E63D21CFF24CC00362020 /* Qflow */,
				855DAF5C1D2EBAA800EAECF0 /* Ayudas */,
				8536BA441D383B8400A43B10 /* Localizacion */,
				85ED13751D0B1AE8006B09AF /* NavigationViewController.h */,
				85ED13761D0B1AE8006B09AF /* NavigationViewController.m */,
				85ED13771D0B1AE8006B09AF /* NavigationViewController.xib */,
			);
			path = Georeferenciacion;
			sourceTree = "<group>";
		};
		62DDC9804465FDCBAACF206A /* Frameworks */ = {
			isa = PBXGroup;
			children = (
				85C526211D134FFE00AE8529 /* AVFoundation.framework */,
				85F4399E1CCA550600DE808B /* CoreLocation.framework */,
				33081F52ABA851B824F2C4AF /* libPods-Georeferenciacion.a */,
				8DBF844BC313077D41F8AAD6 /* libPods-GeoreferenciacionSmartWatch.a */,
			);
			name = Frameworks;
			sourceTree = "<group>";
		};
		8500DDC71CF753CF00523EB7 /* QflowGetTurn */ = {
			isa = PBXGroup;
			children = (
				8501FD211CF88398001A4264 /* Controller */,
				8501FD221CF883A0001A4264 /* View */,
			);
			name = QflowGetTurn;
			sourceTree = "<group>";
		};
		850153B41CD9361B001AD8ED /* TableViewCell */ = {
			isa = PBXGroup;
			children = (
				850153B51CD94211001AD8ED /* MyCustomCell.xib */,
				850153B61CD94211001AD8ED /* MyCustomCell.h */,
				850153B71CD94211001AD8ED /* MyCustomCell.m */,
			);
			name = TableViewCell;
			sourceTree = "<group>";
		};
		850154F21CF637AC008C4F39 /* QflowServices */ = {
			isa = PBXGroup;
			children = (
				850155031CF649D2008C4F39 /* Object Model */,
				850154F81CF6386A008C4F39 /* Controller */,
				850154F91CF63871008C4F39 /* View */,
			);
			name = QflowServices;
			sourceTree = "<group>";
		};
		850154F81CF6386A008C4F39 /* Controller */ = {
			isa = PBXGroup;
			children = (
				850154F31CF63838008C4F39 /* SelectServiceViewController.h */,
				850154F41CF63838008C4F39 /* SelectServiceViewController.m */,
			);
			name = Controller;
			sourceTree = "<group>";
		};
		850154F91CF63871008C4F39 /* View */ = {
			isa = PBXGroup;
			children = (
				850154FA1CF63878008C4F39 /* Cell */,
				850154F51CF63838008C4F39 /* SelectServiceViewController.xib */,
			);
			name = View;
			sourceTree = "<group>";
		};
		850154FA1CF63878008C4F39 /* Cell */ = {
			isa = PBXGroup;
			children = (
				850154FB1CF63DF0008C4F39 /* QflowServicesCollectionViewCell.h */,
				850154FC1CF63DF0008C4F39 /* QflowServicesCollectionViewCell.m */,
				850154FD1CF63DF0008C4F39 /* QflowServicesCollectionViewCell.xib */,
			);
			name = Cell;
			sourceTree = "<group>";
		};
		850155031CF649D2008C4F39 /* Object Model */ = {
			isa = PBXGroup;
			children = (
				850155001CF649CC008C4F39 /* QflowServicesModel.h */,
				850155011CF649CC008C4F39 /* QflowServicesModel.m */,
			);
			name = "Object Model";
			sourceTree = "<group>";
		};
		8501FD211CF88398001A4264 /* Controller */ = {
			isa = PBXGroup;
			children = (
				8501FD1C1CF8838E001A4264 /* GetTurnViewController.h */,
				8501FD1D1CF8838E001A4264 /* GetTurnViewController.m */,
			);
			name = Controller;
			sourceTree = "<group>";
		};
		8501FD221CF883A0001A4264 /* View */ = {
			isa = PBXGroup;
			children = (
				8501FD1E1CF8838E001A4264 /* GetTurnViewController.xib */,
			);
			name = View;
			sourceTree = "<group>";
		};
		8501FD231CF8E3F9001A4264 /* QflowTurnActivate */ = {
			isa = PBXGroup;
			children = (
				851DFDB11D07115A00B20887 /* Controller */,
				851DFDB21D07116400B20887 /* View */,
			);
			name = QflowTurnActivate;
			sourceTree = "<group>";
		};
		850224D21D14518D001B210A /* Turn */ = {
			isa = PBXGroup;
			children = (
				850224DA1D145235001B210A /* Controller */,
				850224DB1D145243001B210A /* View */,
			);
			name = Turn;
			sourceTree = "<group>";
		};
		850224D81D145218001B210A /* Controller */ = {
			isa = PBXGroup;
			children = (
				85C5261C1D134C2900AE8529 /* QRViewController.h */,
				85C5261D1D134C2900AE8529 /* QRViewController.m */,
			);
			name = Controller;
			sourceTree = "<group>";
		};
		850224D91D145225001B210A /* View */ = {
			isa = PBXGroup;
			children = (
				85C5261E1D134C2900AE8529 /* QRViewController.xib */,
			);
			name = View;
			sourceTree = "<group>";
		};
		850224DA1D145235001B210A /* Controller */ = {
			isa = PBXGroup;
			children = (
				850224D31D145210001B210A /* TurnViewController.h */,
				850224D41D145210001B210A /* TurnViewController.m */,
			);
			name = Controller;
			sourceTree = "<group>";
		};
		850224DB1D145243001B210A /* View */ = {
			isa = PBXGroup;
			children = (
				850224D51D145210001B210A /* TurnViewController.xib */,
			);
			name = View;
			sourceTree = "<group>";
		};
		8505B7521CF38F82001CEB18 /* Repository */ = {
			isa = PBXGroup;
			children = (
				8505B74F1CF33B0D001CEB18 /* GoogleApis.h */,
				8505B7501CF33B0D001CEB18 /* GoogleApis.m */,
			);
			name = Repository;
			sourceTree = "<group>";
		};
		851347141CEF773300F4B89B /* Object Modelo */ = {
			isa = PBXGroup;
			children = (
				851347151CEF778100F4B89B /* autoCompleteModel.h */,
				851347161CEF778100F4B89B /* autoCompleteModel.m */,
			);
			name = "Object Modelo";
			sourceTree = "<group>";
		};
		851DFDB11D07115A00B20887 /* Controller */ = {
			isa = PBXGroup;
			children = (
				8501FD241CF8E43E001A4264 /* QflowTurnViewController.h */,
				8501FD251CF8E43F001A4264 /* QflowTurnViewController.m */,
			);
			name = Controller;
			sourceTree = "<group>";
		};
		851DFDB21D07116400B20887 /* View */ = {
			isa = PBXGroup;
			children = (
				8501FD261CF8E43F001A4264 /* QflowTurnViewController.xib */,
			);
			name = View;
			sourceTree = "<group>";
		};
		851E63D21CFF24CC00362020 /* Qflow */ = {
			isa = PBXGroup;
			children = (
				851E63D31CFF24DC00362020 /* QflowRepository */,
				850154F21CF637AC008C4F39 /* QflowServices */,
				8500DDC71CF753CF00523EB7 /* QflowGetTurn */,
				8501FD231CF8E3F9001A4264 /* QflowTurnActivate */,
				85C5261B1D134C1700AE8529 /* QR */,
				850224D21D14518D001B210A /* Turn */,
			);
			name = Qflow;
			sourceTree = "<group>";
		};
		851E63D31CFF24DC00362020 /* QflowRepository */ = {
			isa = PBXGroup;
			children = (
				852E75771CFE35C9005DDFC6 /* QflowRequest.h */,
				852E75781CFE35C9005DDFC6 /* QflowRequest.m */,
			);
			name = QflowRepository;
			sourceTree = "<group>";
		};
		852016481CEE5E7E004E8692 /* Busqueda Google */ = {
			isa = PBXGroup;
			children = (
				8505B7521CF38F82001CEB18 /* Repository */,
				851347141CEF773300F4B89B /* Object Modelo */,
				8520164E1CEE5F20004E8692 /* Controller */,
				8520164F1CEE5F27004E8692 /* View */,
			);
			name = "Busqueda Google";
			sourceTree = "<group>";
		};
		8520164E1CEE5F20004E8692 /* Controller */ = {
			isa = PBXGroup;
			children = (
				852016491CEE5F12004E8692 /* searchGoogleViewController.h */,
				8520164A1CEE5F12004E8692 /* searchGoogleViewController.m */,
			);
			name = Controller;
			sourceTree = "<group>";
		};
		8520164F1CEE5F27004E8692 /* View */ = {
			isa = PBXGroup;
			children = (
				852016501CEE5F2F004E8692 /* Celda */,
				8520164B1CEE5F12004E8692 /* searchGoogleViewController.xib */,
			);
			name = View;
			sourceTree = "<group>";
		};
		852016501CEE5F2F004E8692 /* Celda */ = {
			isa = PBXGroup;
			children = (
				852016561CEE5F76004E8692 /* searchTableViewCell.h */,
				852016571CEE5F76004E8692 /* searchTableViewCell.m */,
				852016581CEE5F76004E8692 /* searchTableViewCell.xib */,
			);
			name = Celda;
			sourceTree = "<group>";
		};
		8523E7C61CD7B80700BD6237 /* Resources */ = {
			isa = PBXGroup;
			children = (
				8523E7C81CD7B83100BD6237 /* fonts */,
				8523E7C71CD7B81900BD6237 /* Images */,
			);
			name = Resources;
			sourceTree = "<group>";
		};
		8523E7C71CD7B81900BD6237 /* Images */ = {
			isa = PBXGroup;
			children = (
				855DAF5D1D2EFD4E00EAECF0 /* CouchMark */,
				8523E8101CD7BBC200BD6237 /* Media.xcassets */,
			);
			name = Images;
			sourceTree = "<group>";
		};
		8523E7C81CD7B83100BD6237 /* fonts */ = {
			isa = PBXGroup;
			children = (
				85DEDE681CE26FD700D5E717 /* Arimo-Bold.ttf */,
				85DEDE691CE26FD700D5E717 /* Arimo-BoldItalic.ttf */,
				85DEDE6A1CE26FD700D5E717 /* Arimo-Italic.ttf */,
				85DEDE6B1CE26FD700D5E717 /* Arimo-Regular.ttf */,
			);
			name = fonts;
			sourceTree = "<group>";
		};
		8536BA441D383B8400A43B10 /* Localizacion */ = {
			isa = PBXGroup;
			children = (
				91F2D32C1E4E17DF00733A2C /* MonitoreoControl.h */,
				91F2D32D1E4E17DF00733A2C /* MonitoreoControl.m */,
				91F2D31D1E4E17D200733A2C /* ConstantesMonitoreo.h */,
				91F2D31E1E4E17D200733A2C /* ConstantesMonitoreo.m */,
				91F2D31F1E4E17D200733A2C /* LogicaDeNegocio.h */,
				91F2D3201E4E17D200733A2C /* LogicaDeNegocio.m */,
				91F2D3211E4E17D200733A2C /* Mensaje.h */,
				91F2D3221E4E17D200733A2C /* Mensaje.m */,
				91F2D3231E4E17D200733A2C /* Monitoreo.h */,
				91F2D3241E4E17D200733A2C /* Monitoreo.m */,
				91F2D3251E4E17D200733A2C /* MonitoreoRepositorio.h */,
				91F2D3261E4E17D200733A2C /* MonitoreoRepositorio.m */,
			);
			name = Localizacion;
			sourceTree = "<group>";
		};
		854F07181CD396CB006DAC05 /* scheduleDetail */ = {
			isa = PBXGroup;
			children = (
				854F07191CD39731006DAC05 /* controller */,
				854F071A1CD39738006DAC05 /* view */,
			);
			name = scheduleDetail;
			sourceTree = "<group>";
		};
		854F07191CD39731006DAC05 /* controller */ = {
			isa = PBXGroup;
			children = (
				854F071B1CD39778006DAC05 /* ScheduleViewController.h */,
				854F071C1CD39778006DAC05 /* ScheduleViewController.m */,
			);
			name = controller;
			sourceTree = "<group>";
		};
		854F071A1CD39738006DAC05 /* view */ = {
			isa = PBXGroup;
			children = (
				850153B41CD9361B001AD8ED /* TableViewCell */,
				854F071D1CD39778006DAC05 /* ScheduleViewController.xib */,
			);
			name = view;
			sourceTree = "<group>";
		};
		855DAF5C1D2EBAA800EAECF0 /* Ayudas */ = {
			isa = PBXGroup;
			children = (
				855DAF571D2EBAA200EAECF0 /* AyudasViewController.h */,
				855DAF581D2EBAA200EAECF0 /* AyudasViewController.m */,
				855DAF591D2EBAA200EAECF0 /* AyudasViewController.xib */,
			);
			name = Ayudas;
			sourceTree = "<group>";
		};
		855DAF5D1D2EFD4E00EAECF0 /* CouchMark */ = {
			isa = PBXGroup;
			children = (
				855DAF5E1D2EFD6000EAECF0 /* Coachmark1.jpg */,
				85A58ED41D305000004532E3 /* Coachmark2.jpg */,
				855DAF601D2EFD6000EAECF0 /* Coachmark3.jpg */,
				855DAF611D2EFD6000EAECF0 /* Coachmark4.jpg */,
				855DAF621D2EFD6000EAECF0 /* Coachmark5.jpg */,
				855DAF631D2EFD6000EAECF0 /* Coachmark6.jpg */,
				855DAF641D2EFD6000EAECF0 /* Coachmark7.jpg */,
				855DAF651D2EFD6000EAECF0 /* Coachmark8.jpg */,
				855DAF661D2EFD6000EAECF0 /* Coachmark9.jpg */,
			);
			name = CouchMark;
			sourceTree = "<group>";
		};
		856B0DDD1D19C43500DA362E /* Alerta */ = {
			isa = PBXGroup;
			children = (
				856B0DDE1D19C4B900DA362E /* alertaView.h */,
				856B0DDF1D19C4B900DA362E /* alertaView.m */,
				856B0DE11D19C4D000DA362E /* alertaView.xib */,
			);
			name = Alerta;
			sourceTree = "<group>";
		};
		857587C81CD7987000B7219C /* recursos */ = {
			isa = PBXGroup;
			children = (
				85C526191D134AD400AE8529 /* Info.plist */,
			);
			path = recursos;
			sourceTree = "<group>";
		};
		857587D41CD79F5200B7219C /* resources */ = {
			isa = PBXGroup;
			children = (
				85DD62D41D1DDACD00927721 /* GoogleService-Info.plist */,
				857587D51CD79F5200B7219C /* Info.plist */,
			);
			path = resources;
			sourceTree = "<group>";
		};
		858072D71CD005750024A663 /* Filtro por canal */ = {
			isa = PBXGroup;
			children = (
				85ED58BA1CCEBD6C0088C4B7 /* FiltroView.xib */,
				85ED58BB1CCEBD9A0088C4B7 /* FiltroView.h */,
				85ED58BC1CCEBD9A0088C4B7 /* FiltroView.m */,
			);
			name = "Filtro por canal";
			sourceTree = "<group>";
		};
		858072D81CD012FB0024A663 /* ListaView */ = {
			isa = PBXGroup;
			children = (
				858072D91CD013140024A663 /* Controller */,
				858072DA1CD0131B0024A663 /* View */,
			);
			name = ListaView;
			sourceTree = "<group>";
		};
		858072D91CD013140024A663 /* Controller */ = {
			isa = PBXGroup;
			children = (
				858072DB1CD013CD0024A663 /* ListViewController.h */,
				858072DC1CD013CD0024A663 /* ListViewController.m */,
			);
			name = Controller;
			sourceTree = "<group>";
		};
		858072DA1CD0131B0024A663 /* View */ = {
			isa = PBXGroup;
			children = (
				856B0DDD1D19C43500DA362E /* Alerta */,
				8599EC7C1CF4AF23002C4524 /* Cell */,
				858072DD1CD013CD0024A663 /* ListViewController.xib */,
			);
			name = View;
			sourceTree = "<group>";
		};
		8599EC7C1CF4AF23002C4524 /* Cell */ = {
			isa = PBXGroup;
			children = (
				8599EC771CF4AF19002C4524 /* ListTableViewCell.h */,
				8599EC781CF4AF19002C4524 /* ListTableViewCell.m */,
				8599EC791CF4AF19002C4524 /* ListTableViewCell.xib */,
			);
			name = Cell;
			sourceTree = "<group>";
		};
		85BF2A7F1D1AD3750026C0C7 /* Mensajes y Parametros */ = {
			isa = PBXGroup;
			children = (
				85BF2A801D1AD4510026C0C7 /* messagesAndParameters.h */,
				85BF2A811D1AD4510026C0C7 /* messagesAndParameters.m */,
			);
			name = "Mensajes y Parametros";
			sourceTree = "<group>";
		};
		85C5261B1D134C1700AE8529 /* QR */ = {
			isa = PBXGroup;
			children = (
				850224D81D145218001B210A /* Controller */,
				850224D91D145225001B210A /* View */,
			);
			name = QR;
			sourceTree = "<group>";
		};
		85F354AA1CE4BD8D00A44064 /* FilterView */ = {
			isa = PBXGroup;
			children = (
				85F354B01CE4BE3900A44064 /* Controller */,
				85F354B11CE4BE5100A44064 /* View */,
			);
			name = FilterView;
			sourceTree = "<group>";
		};
		85F354B01CE4BE3900A44064 /* Controller */ = {
			isa = PBXGroup;
			children = (
				85F354AB1CE4BE2D00A44064 /* FilterViewController.h */,
				85F354AC1CE4BE2D00A44064 /* FilterViewController.m */,
			);
			name = Controller;
			sourceTree = "<group>";
		};
		85F354B11CE4BE5100A44064 /* View */ = {
			isa = PBXGroup;
			children = (
				85F354B71CE4C57100A44064 /* cell */,
				85F354AD1CE4BE2D00A44064 /* FilterViewController.xib */,
			);
			name = View;
			sourceTree = "<group>";
		};
		85F354B71CE4C57100A44064 /* cell */ = {
			isa = PBXGroup;
			children = (
				85F354B21CE4C56300A44064 /* filterTableViewCell.h */,
				85F354B31CE4C56300A44064 /* filterTableViewCell.m */,
				85F354B41CE4C56300A44064 /* filterTableViewCell.xib */,
			);
			name = cell;
			sourceTree = "<group>";
		};
		85F354B81CE5248500A44064 /* Constants */ = {
			isa = PBXGroup;
			children = (
				858E31CD1CDA983500727809 /* Constantes.h */,
				858E31CE1CDA983500727809 /* Constantes.m */,
			);
			name = Constants;
			sourceTree = "<group>";
		};
		85F439A01CCA82A700DE808B /* MapView */ = {
			isa = PBXGroup;
			children = (
				85F439A41CCA830F00DE808B /* Repository */,
				85F439A51CCA833200DE808B /* Object Model */,
				85F439A21CCA82DA00DE808B /* Controller */,
				85F439A31CCA82ED00DE808B /* View */,
			);
			name = MapView;
			sourceTree = "<group>";
		};
		85F439A21CCA82DA00DE808B /* Controller */ = {
			isa = PBXGroup;
			children = (
				46A226A71CC80DF600BCDEA8 /* MapViewController.h */,
				46A226A81CC80DF600BCDEA8 /* MapViewController.m */,
			);
			name = Controller;
			sourceTree = "<group>";
		};
		85F439A31CCA82ED00DE808B /* View */ = {
			isa = PBXGroup;
			children = (
				858072D71CD005750024A663 /* Filtro por canal */,
				46A226A91CC80DF600BCDEA8 /* MapViewController.xib */,
			);
			name = View;
			sourceTree = "<group>";
		};
		85F439A41CCA830F00DE808B /* Repository */ = {
			isa = PBXGroup;
			children = (
				85457B781CC905C100DFB4F7 /* Repositorio.h */,
				85457B791CC905C100DFB4F7 /* Repositorio.m */,
			);
			name = Repository;
			sourceTree = "<group>";
		};
		85F439A51CCA833200DE808B /* Object Model */ = {
			isa = PBXGroup;
			children = (
				85457B7B1CC91BE700DFB4F7 /* Modelo.h */,
				85457B7C1CC91BE700DFB4F7 /* Modelo.m */,
			);
			name = "Object Model";
			sourceTree = "<group>";
		};
		98848368F32D4B8048AA810C /* Pods */ = {
			isa = PBXGroup;
			children = (
				F296D7452E6AA3B31C94B8F1 /* Pods-Georeferenciacion.debug.xcconfig */,
				D07CB6E5079DB362A6BE9390 /* Pods-Georeferenciacion.release.xcconfig */,
				598550C208912E5A9F8499B2 /* Pods-GeoreferenciacionSmartWatch.debug.xcconfig */,
				0A74C2236C8570266E24C5D6 /* Pods-GeoreferenciacionSmartWatch.release.xcconfig */,
			);
			name = Pods;
			sourceTree = "<group>";
		};
/* End PBXGroup section */

/* Begin PBXNativeTarget section */
		46A2269A1CC8080700BCDEA8 /* Georeferenciacion */ = {
			isa = PBXNativeTarget;
			buildConfigurationList = 46A226A41CC8080700BCDEA8 /* Build configuration list for PBXNativeTarget "Georeferenciacion" */;
			buildPhases = (
				6C79C303CD444B888E6021AD /* [CP] Check Pods Manifest.lock */,
				46A226971CC8080700BCDEA8 /* Sources */,
				46A226981CC8080700BCDEA8 /* Frameworks */,
				46A226991CC8080700BCDEA8 /* CopyFiles */,
				857587BE1CD7953D00B7219C /* Resources */,
				C01E1AB42E39478A9EFD72C6 /* [CP] Copy Pods Resources */,
			);
			buildRules = (
			);
			dependencies = (
			);
			name = Georeferenciacion;
			productName = Georeferenciacion;
			productReference = 46A2269B1CC8080700BCDEA8 /* libGeoreferenciacion.a */;
			productType = "com.apple.product-type.library.static";
		};
/* End PBXNativeTarget section */

/* Begin PBXProject section */
		46A226931CC8080700BCDEA8 /* Project object */ = {
			isa = PBXProject;
			attributes = {
				LastUpgradeCheck = 0810;
				ORGANIZATIONNAME = "Intergrupo S.A.";
				TargetAttributes = {
					46A2269A1CC8080700BCDEA8 = {
						CreatedOnToolsVersion = 7.2.1;
					};
				};
			};
			buildConfigurationList = 46A226961CC8080700BCDEA8 /* Build configuration list for PBXProject "Georeferenciacion" */;
			compatibilityVersion = "Xcode 3.2";
			developmentRegion = English;
			hasScannedForEncodings = 0;
			knownRegions = (
				en,
			);
			mainGroup = 46A226921CC8080700BCDEA8;
			productRefGroup = 46A2269C1CC8080700BCDEA8 /* Products */;
			projectDirPath = "";
			projectRoot = "";
			targets = (
				46A2269A1CC8080700BCDEA8 /* Georeferenciacion */,
			);
		};
/* End PBXProject section */

/* Begin PBXResourcesBuildPhase section */
		857587BE1CD7953D00B7219C /* Resources */ = {
			isa = PBXResourcesBuildPhase;
			buildActionMask = 2147483647;
			files = (
				855DAF6D1D2EFD6000EAECF0 /* Coachmark7.jpg in Resources */,
				8501FD201CF8838E001A4264 /* GetTurnViewController.xib in Resources */,
				855DAF5B1D2EBAA200EAECF0 /* AyudasViewController.xib in Resources */,
				8520164D1CEE5F12004E8692 /* searchGoogleViewController.xib in Resources */,
				855DAF6F1D2EFD6000EAECF0 /* Coachmark9.jpg in Resources */,
				855DAF671D2EFD6000EAECF0 /* Coachmark1.jpg in Resources */,
				85F354AF1CE4BE2D00A44064 /* FilterViewController.xib in Resources */,
				85F354B61CE4C56300A44064 /* filterTableViewCell.xib in Resources */,
				85DEDE6E1CE26FD700D5E717 /* Arimo-Italic.ttf in Resources */,
				85DEDE6D1CE26FD700D5E717 /* Arimo-BoldItalic.ttf in Resources */,
				850153B81CD94211001AD8ED /* MyCustomCell.xib in Resources */,
				855DAF6E1D2EFD6000EAECF0 /* Coachmark8.jpg in Resources */,
				85A58ED51D305000004532E3 /* Coachmark2.jpg in Resources */,
				856B0DE21D19C4D000DA362E /* alertaView.xib in Resources */,
				855DAF6B1D2EFD6000EAECF0 /* Coachmark5.jpg in Resources */,
				85C526201D134C2900AE8529 /* QRViewController.xib in Resources */,
				85DEDE6C1CE26FD700D5E717 /* Arimo-Bold.ttf in Resources */,
				8501FD281CF8E43F001A4264 /* QflowTurnViewController.xib in Resources */,
				8520165A1CEE5F76004E8692 /* searchTableViewCell.xib in Resources */,
				855DAF691D2EFD6000EAECF0 /* Coachmark3.jpg in Resources */,
				85C5261A1D134AD400AE8529 /* Info.plist in Resources */,
				850154FF1CF63DF0008C4F39 /* QflowServicesCollectionViewCell.xib in Resources */,
				850154F71CF63838008C4F39 /* SelectServiceViewController.xib in Resources */,
				85ED13791D0B1AE8006B09AF /* NavigationViewController.xib in Resources */,
				8599EC7B1CF4AF19002C4524 /* ListTableViewCell.xib in Resources */,
				85DEDE6F1CE26FD700D5E717 /* Arimo-Regular.ttf in Resources */,
				855DAF6A1D2EFD6000EAECF0 /* Coachmark4.jpg in Resources */,
				850224D71D145210001B210A /* TurnViewController.xib in Resources */,
				8523E8111CD7BBC200BD6237 /* Media.xcassets in Resources */,
				855DAF6C1D2EFD6000EAECF0 /* Coachmark6.jpg in Resources */,
				85DD62D51D1DDACD00927721 /* GoogleService-Info.plist in Resources */,
			);
			runOnlyForDeploymentPostprocessing = 0;
		};
/* End PBXResourcesBuildPhase section */

/* Begin PBXShellScriptBuildPhase section */
		6C79C303CD444B888E6021AD /* [CP] Check Pods Manifest.lock */ = {
			isa = PBXShellScriptBuildPhase;
			buildActionMask = 2147483647;
			files = (
			);
			inputPaths = (
				"${PODS_PODFILE_DIR_PATH}/Podfile.lock",
				"${PODS_ROOT}/Manifest.lock",
			);
			name = "[CP] Check Pods Manifest.lock";
			outputPaths = (
				"$(DERIVED_FILE_DIR)/Pods-Georeferenciacion-checkManifestLockResult.txt",
			);
			runOnlyForDeploymentPostprocessing = 0;
			shellPath = /bin/sh;
			shellScript = "diff \"${PODS_PODFILE_DIR_PATH}/Podfile.lock\" \"${PODS_ROOT}/Manifest.lock\" > /dev/null\nif [ $? != 0 ] ; then\n    # print error to STDERR\n    echo \"error: The sandbox is not in sync with the Podfile.lock. Run 'pod install' or update your CocoaPods installation.\" >&2\n    exit 1\nfi\n# This output is used by Xcode 'outputs' to avoid re-running this script phase.\necho \"SUCCESS\" > \"${SCRIPT_OUTPUT_FILE_0}\"\n";
			showEnvVarsInLog = 0;
		};
		C01E1AB42E39478A9EFD72C6 /* [CP] Copy Pods Resources */ = {
			isa = PBXShellScriptBuildPhase;
			buildActionMask = 2147483647;
			files = (
			);
			inputPaths = (
			);
			name = "[CP] Copy Pods Resources";
			outputPaths = (
			);
			runOnlyForDeploymentPostprocessing = 0;
			shellPath = /bin/sh;
			shellScript = "\"${SRCROOT}/Pods/Target Support Files/Pods-Georeferenciacion/Pods-Georeferenciacion-resources.sh\"\n";
			showEnvVarsInLog = 0;
		};
/* End PBXShellScriptBuildPhase section */

/* Begin PBXSourcesBuildPhase section */
		46A226971CC8080700BCDEA8 /* Sources */ = {
			isa = PBXSourcesBuildPhase;
			buildActionMask = 2147483647;
			files = (
				850153B91CD94211001AD8ED /* MyCustomCell.m in Sources */,
				856B0DE01D19C4B900DA362E /* alertaView.m in Sources */,
				91F2D32A1E4E17D200733A2C /* Monitoreo.m in Sources */,
				91F2D3281E4E17D200733A2C /* LogicaDeNegocio.m in Sources */,
				850155021CF649CC008C4F39 /* QflowServicesModel.m in Sources */,
				850154FE1CF63DF0008C4F39 /* QflowServicesCollectionViewCell.m in Sources */,
				91F2D32E1E4E17DF00733A2C /* MonitoreoControl.m in Sources */,
				85F354AE1CE4BE2D00A44064 /* FilterViewController.m in Sources */,
				852E75791CFE35C9005DDFC6 /* QflowRequest.m in Sources */,
				91F2D3291E4E17D200733A2C /* Mensaje.m in Sources */,
				858E31CF1CDA983500727809 /* Constantes.m in Sources */,
				8501FD271CF8E43F001A4264 /* QflowTurnViewController.m in Sources */,
				85F354B51CE4C56300A44064 /* filterTableViewCell.m in Sources */,
				46A226AA1CC80DF600BCDEA8 /* MapViewController.m in Sources */,
				852016591CEE5F76004E8692 /* searchTableViewCell.m in Sources */,
				8520164C1CEE5F12004E8692 /* searchGoogleViewController.m in Sources */,
				858072DE1CD013CD0024A663 /* ListViewController.m in Sources */,
				850154F61CF63838008C4F39 /* SelectServiceViewController.m in Sources */,
				91F2D3271E4E17D200733A2C /* ConstantesMonitoreo.m in Sources */,
				8502FA2E1D09CB240046E9D9 /* BaseViewController.m in Sources */,
				855DAF5A1D2EBAA200EAECF0 /* AyudasViewController.m in Sources */,
				85457B7A1CC905C100DFB4F7 /* Repositorio.m in Sources */,
				85C5261F1D134C2900AE8529 /* QRViewController.m in Sources */,
				8599EC7A1CF4AF19002C4524 /* ListTableViewCell.m in Sources */,
				85BF2A821D1AD4510026C0C7 /* messagesAndParameters.m in Sources */,
				851347171CEF778100F4B89B /* autoCompleteModel.m in Sources */,
				85457B7D1CC91BE700DFB4F7 /* Modelo.m in Sources */,
				850224D61D145210001B210A /* TurnViewController.m in Sources */,
				85ED13781D0B1AE8006B09AF /* NavigationViewController.m in Sources */,
				8505B7511CF33B0D001CEB18 /* GoogleApis.m in Sources */,
				8501FD1F1CF8838E001A4264 /* GetTurnViewController.m in Sources */,
				91F2D32B1E4E17D200733A2C /* MonitoreoRepositorio.m in Sources */,
				854F071E1CD39778006DAC05 /* ScheduleViewController.m in Sources */,
				85ED58BD1CCEBD9A0088C4B7 /* FiltroView.m in Sources */,
			);
			runOnlyForDeploymentPostprocessing = 0;
		};
/* End PBXSourcesBuildPhase section */

/* Begin XCBuildConfiguration section */
		46A226A21CC8080700BCDEA8 /* Debug */ = {
			isa = XCBuildConfiguration;
			buildSettings = {
				ALWAYS_SEARCH_USER_PATHS = NO;
				CLANG_CXX_LANGUAGE_STANDARD = "gnu++0x";
				CLANG_CXX_LIBRARY = "libc++";
				CLANG_ENABLE_MODULES = YES;
				CLANG_ENABLE_OBJC_ARC = YES;
				CLANG_WARN_BOOL_CONVERSION = YES;
				CLANG_WARN_CONSTANT_CONVERSION = YES;
				CLANG_WARN_DIRECT_OBJC_ISA_USAGE = YES_ERROR;
				CLANG_WARN_EMPTY_BODY = YES;
				CLANG_WARN_ENUM_CONVERSION = YES;
				CLANG_WARN_INFINITE_RECURSION = YES;
				CLANG_WARN_INT_CONVERSION = YES;
				CLANG_WARN_OBJC_ROOT_CLASS = YES_ERROR;
				CLANG_WARN_SUSPICIOUS_MOVE = YES;
				CLANG_WARN_UNREACHABLE_CODE = YES;
				CLANG_WARN__DUPLICATE_METHOD_MATCH = YES;
				"CODE_SIGN_IDENTITY[sdk=iphoneos*]" = "iPhone Developer";
				COPY_PHASE_STRIP = NO;
				DEBUG_INFORMATION_FORMAT = dwarf;
				ENABLE_STRICT_OBJC_MSGSEND = YES;
				ENABLE_TESTABILITY = YES;
				GCC_C_LANGUAGE_STANDARD = gnu99;
				GCC_DYNAMIC_NO_PIC = NO;
				GCC_NO_COMMON_BLOCKS = YES;
				GCC_OPTIMIZATION_LEVEL = 0;
				GCC_PREPROCESSOR_DEFINITIONS = (
					"DEBUG=1",
					"$(inherited)",
				);
				GCC_WARN_64_TO_32_BIT_CONVERSION = YES;
				GCC_WARN_ABOUT_RETURN_TYPE = YES_ERROR;
				GCC_WARN_UNDECLARED_SELECTOR = YES;
				GCC_WARN_UNINITIALIZED_AUTOS = YES_AGGRESSIVE;
				GCC_WARN_UNUSED_FUNCTION = YES;
				GCC_WARN_UNUSED_VARIABLE = YES;
				IPHONEOS_DEPLOYMENT_TARGET = 8.0;
				MTL_ENABLE_DEBUG_INFO = YES;
				ONLY_ACTIVE_ARCH = YES;
				SDKROOT = iphoneos;
				SUPPORTED_PLATFORMS = "iphonesimulator iphoneos";
				TARGETED_DEVICE_FAMILY = 1;
			};
			name = Debug;
		};
		46A226A31CC8080700BCDEA8 /* Release */ = {
			isa = XCBuildConfiguration;
			buildSettings = {
				ALWAYS_SEARCH_USER_PATHS = NO;
				CLANG_CXX_LANGUAGE_STANDARD = "gnu++0x";
				CLANG_CXX_LIBRARY = "libc++";
				CLANG_ENABLE_MODULES = YES;
				CLANG_ENABLE_OBJC_ARC = YES;
				CLANG_WARN_BOOL_CONVERSION = YES;
				CLANG_WARN_CONSTANT_CONVERSION = YES;
				CLANG_WARN_DIRECT_OBJC_ISA_USAGE = YES_ERROR;
				CLANG_WARN_EMPTY_BODY = YES;
				CLANG_WARN_ENUM_CONVERSION = YES;
				CLANG_WARN_INFINITE_RECURSION = YES;
				CLANG_WARN_INT_CONVERSION = YES;
				CLANG_WARN_OBJC_ROOT_CLASS = YES_ERROR;
				CLANG_WARN_SUSPICIOUS_MOVE = YES;
				CLANG_WARN_UNREACHABLE_CODE = YES;
				CLANG_WARN__DUPLICATE_METHOD_MATCH = YES;
				"CODE_SIGN_IDENTITY[sdk=iphoneos*]" = "iPhone Developer";
				COPY_PHASE_STRIP = NO;
				DEBUG_INFORMATION_FORMAT = "dwarf-with-dsym";
				ENABLE_NS_ASSERTIONS = NO;
				ENABLE_STRICT_OBJC_MSGSEND = YES;
				GCC_C_LANGUAGE_STANDARD = gnu99;
				GCC_NO_COMMON_BLOCKS = YES;
				GCC_WARN_64_TO_32_BIT_CONVERSION = YES;
				GCC_WARN_ABOUT_RETURN_TYPE = YES_ERROR;
				GCC_WARN_UNDECLARED_SELECTOR = YES;
				GCC_WARN_UNINITIALIZED_AUTOS = YES_AGGRESSIVE;
				GCC_WARN_UNUSED_FUNCTION = YES;
				GCC_WARN_UNUSED_VARIABLE = YES;
				IPHONEOS_DEPLOYMENT_TARGET = 8.0;
				MTL_ENABLE_DEBUG_INFO = NO;
				SDKROOT = iphoneos;
				SUPPORTED_PLATFORMS = "iphonesimulator iphoneos";
				TARGETED_DEVICE_FAMILY = 1;
				VALIDATE_PRODUCT = YES;
			};
			name = Release;
		};
		46A226A51CC8080700BCDEA8 /* Debug */ = {
			isa = XCBuildConfiguration;
			baseConfigurationReference = F296D7452E6AA3B31C94B8F1 /* Pods-Georeferenciacion.debug.xcconfig */;
			buildSettings = {
				OTHER_LDFLAGS = (
					"$(inherited)",
					"-ObjC",
				);
				PRODUCT_NAME = "$(TARGET_NAME)";
				RESOURCES_TARGETED_DEVICE_FAMILY = "";
				SKIP_INSTALL = YES;
				SUPPORTED_PLATFORMS = "iphonesimulator iphoneos";
				TARGETED_DEVICE_FAMILY = 1;
			};
			name = Debug;
		};
		46A226A61CC8080700BCDEA8 /* Release */ = {
			isa = XCBuildConfiguration;
			baseConfigurationReference = D07CB6E5079DB362A6BE9390 /* Pods-Georeferenciacion.release.xcconfig */;
			buildSettings = {
				OTHER_LDFLAGS = (
					"$(inherited)",
					"-ObjC",
				);
				PRODUCT_NAME = "$(TARGET_NAME)";
				RESOURCES_TARGETED_DEVICE_FAMILY = "";
				SKIP_INSTALL = YES;
				SUPPORTED_PLATFORMS = "iphonesimulator iphoneos";
				TARGETED_DEVICE_FAMILY = 1;
			};
			name = Release;
		};
/* End XCBuildConfiguration section */

/* Begin XCConfigurationList section */
		46A226961CC8080700BCDEA8 /* Build configuration list for PBXProject "Georeferenciacion" */ = {
			isa = XCConfigurationList;
			buildConfigurations = (
				46A226A21CC8080700BCDEA8 /* Debug */,
				46A226A31CC8080700BCDEA8 /* Release */,
			);
			defaultConfigurationIsVisible = 0;
			defaultConfigurationName = Release;
		};
		46A226A41CC8080700BCDEA8 /* Build configuration list for PBXNativeTarget "Georeferenciacion" */ = {
			isa = XCConfigurationList;
			buildConfigurations = (
				46A226A51CC8080700BCDEA8 /* Debug */,
				46A226A61CC8080700BCDEA8 /* Release */,
			);
			defaultConfigurationIsVisible = 0;
			defaultConfigurationName = Release;
		};
/* End XCConfigurationList section */
	};
	rootObject = 46A226931CC8080700BCDEA8 /* Project object */;
}
